
Microsoft Visual Studio Solution File, Format Version 12.00
# Visual Studio Version 17
VisualStudioVersion = 17.0.32112.339
MinimumVisualStudioVersion = 10.0.40219.1
Project("{FAE04EC0-301F-11D3-BF4B-00C04F79EFBC}") = "WinFormsApp1", "WinFormsApp1\WinFormsApp1.csproj", "{847CFACB-A5BB-4BF1-BA7C-4A4B65711189}"
EndProject
Global
	GlobalSection(SolutionConfigurationPlatforms) = preSolution
		Debug|Any CPU = Debug|Any CPU
		Release|Any CPU = Release|Any CPU
	EndGlobalSection
	GlobalSection(ProjectConfigurationPlatforms) = postSolution
		{847CFACB-A5BB-4BF1-BA7C-4A4B65711189}.Debug|Any CPU.ActiveCfg = Debug|Any CPU
		{847CFACB-A5BB-4BF1-BA7C-4A4B65711189}.Debug|Any CPU.Build.0 = Debug|Any CPU
		{847CFACB-A5BB-4BF1-BA7C-4A4B65711189}.Release|Any CPU.ActiveCfg = Release|Any CPU
		{847CFACB-A5BB-4BF1-BA7C-4A4B65711189}.Release|Any CPU.Build.0 = Release|Any CPU
	EndGlobalSection
	GlobalSection(SolutionProperties) = preSolution
		HideSolutionNode = FALSE
	EndGlobalSection
	GlobalSection(ExtensibilityGlobals) = postSolution
		SolutionGuid = {09399D42-1344-4941-A4EE-99202D62551A}
	EndGlobalSection
EndGlobal
